
Microsoft Visual Studio Solution File, Format Version 12.00
# Visual Studio Version 16
VisualStudioVersion = 16.0.29926.136
MinimumVisualStudioVersion = 10.0.40219.1
Project("{FAE04EC0-301F-11D3-BF4B-00C04F79EFBC}") = "No Dormant Geyser", "No Dormant Geyser.csproj", "{27470C68-AD42-431E-827D-CE09FD365B08}"
EndProject
Global
	GlobalSection(SolutionConfigurationPlatforms) = preSolution
		Debug|Any CPU = Debug|Any CPU
		Release|Any CPU = Release|Any CPU
	EndGlobalSection
	GlobalSection(ProjectConfigurationPlatforms) = postSolution
		{27470C68-AD42-431E-827D-CE09FD365B08}.Debug|Any CPU.ActiveCfg = Release|Any CPU
		{27470C68-AD42-431E-827D-CE09FD365B08}.Debug|Any CPU.Build.0 = Release|Any CPU
		{27470C68-AD42-431E-827D-CE09FD365B08}.Release|Any CPU.ActiveCfg = Release|Any CPU
		{27470C68-AD42-431E-827D-CE09FD365B08}.Release|Any CPU.Build.0 = Release|Any CPU
	EndGlobalSection
	GlobalSection(SolutionProperties) = preSolution
		HideSolutionNode = FALSE
	EndGlobalSection
	GlobalSection(ExtensibilityGlobals) = postSolution
		SolutionGuid = {319AD672-2F6D-41AD-A09D-785F4BFFCA20}
	EndGlobalSection
EndGlobal
